// !$*UTF8*$!
{
	archiveVersion = 1;
	classes = {
	};
	objectVersion = 46;
	objects = {

/* Begin PBXBuildFile section */
		6384E68115CE7D7900663DEB /* UIKit.framework in Frameworks */ = {isa = PBXBuildFile; fileRef = 6384E68015CE7D7900663DEB /* UIKit.framework */; };
		6384E68315CE7D7900663DEB /* Foundation.framework in Frameworks */ = {isa = PBXBuildFile; fileRef = 6384E68215CE7D7900663DEB /* Foundation.framework */; };
		6384E68515CE7D7900663DEB /* CoreGraphics.framework in Frameworks */ = {isa = PBXBuildFile; fileRef = 6384E68415CE7D7900663DEB /* CoreGraphics.framework */; };
		6384E68B15CE7D7900663DEB /* InfoPlist.strings in Resources */ = {isa = PBXBuildFile; fileRef = 6384E68915CE7D7900663DEB /* InfoPlist.strings */; };
		6384E68D15CE7D7900663DEB /* main.m in Sources */ = {isa = PBXBuildFile; fileRef = 6384E68C15CE7D7900663DEB /* main.m */; };
		6384E69115CE7D7900663DEB /* AppDelegate.m in Sources */ = {isa = PBXBuildFile; fileRef = 6384E69015CE7D7900663DEB /* AppDelegate.m */; };
		6384E69415CE7D7900663DEB /* ViewController.m in Sources */ = {isa = PBXBuildFile; fileRef = 6384E69315CE7D7900663DEB /* ViewController.m */; };
		6384E69715CE7D7900663DEB /* ViewController.xib in Resources */ = {isa = PBXBuildFile; fileRef = 6384E69515CE7D7900663DEB /* ViewController.xib */; };
/* End PBXBuildFile section */

/* Begin PBXFileReference section */
		6384E67C15CE7D7900663DEB /* iPMMS-iPod.app */ = {isa = PBXFileReference; explicitFileType = wrapper.application; includeInIndex = 0; path = "iPMMS-iPod.app"; sourceTree = BUILT_PRODUCTS_DIR; };
		6384E68015CE7D7900663DEB /* UIKit.framework */ = {isa = PBXFileReference; lastKnownFileType = wrapper.framework; name = UIKit.framework; path = System/Library/Frameworks/UIKit.framework; sourceTree = SDKROOT; };
		6384E68215CE7D7900663DEB /* Foundation.framework */ = {isa = PBXFileReference; lastKnownFileType = wrapper.framework; name = Foundation.framework; path = System/Library/Frameworks/Foundation.framework; sourceTree = SDKROOT; };
		6384E68415CE7D7900663DEB /* CoreGraphics.framework */ = {isa = PBXFileReference; lastKnownFileType = wrapper.framework; name = CoreGraphics.framework; path = System/Library/Frameworks/CoreGraphics.framework; sourceTree = SDKROOT; };
		6384E68815CE7D7900663DEB /* iPMMS-iPod-Info.plist */ = {isa = PBXFileReference; path = "iPMMS-iPod-Info.plist"; sourceTree = "<group>"; };
		6384E68A15CE7D7900663DEB /* en */ = {isa = PBXFileReference; lastKnownFileType = text.plist.strings; name = en; path = en.lproj/InfoPlist.strings; sourceTree = "<group>"; };
		6384E68C15CE7D7900663DEB /* main.m */ = {isa = PBXFileReference; lastKnownFileType = sourcecode.c.objc; path = main.m; sourceTree = "<group>"; };
		6384E68E15CE7D7900663DEB /* iPMMS-iPod-Prefix.pch */ = {isa = PBXFileReference; path = "iPMMS-iPod-Prefix.pch"; sourceTree = "<group>"; };
		6384E68F15CE7D7900663DEB /* AppDelegate.h */ = {isa = PBXFileReference; path = AppDelegate.h; sourceTree = "<group>"; };
		6384E69015CE7D7900663DEB /* AppDelegate.m */ = {isa = PBXFileReference; lastKnownFileType = sourcecode.c.objc; path = AppDelegate.m; sourceTree = "<group>"; };
		6384E69215CE7D7900663DEB /* ViewController.h */ = {isa = PBXFileReference; path = ViewController.h; sourceTree = "<group>"; };
		6384E69315CE7D7900663DEB /* ViewController.m */ = {isa = PBXFileReference; lastKnownFileType = sourcecode.c.objc; path = ViewController.m; sourceTree = "<group>"; };
		6384E69615CE7D7900663DEB /* en */ = {isa = PBXFileReference; lastKnownFileType = file.xib; name = en; path = en.lproj/ViewController.xib; sourceTree = "<group>"; };
/* End PBXFileReference section */

/* Begin PBXFrameworksBuildPhase section */
		6384E67915CE7D7900663DEB /* Frameworks */ = {
			isa = PBXFrameworksBuildPhase;
			buildActionMask = 2147483647;
			files = (
				6384E68115CE7D7900663DEB /* UIKit.framework in Frameworks */,
				6384E68315CE7D7900663DEB /* Foundation.framework in Frameworks */,
				6384E68515CE7D7900663DEB /* CoreGraphics.framework in Frameworks */,
			);
			runOnlyForDeploymentPostprocessing = 0;
		};
/* End PBXFrameworksBuildPhase section */

/* Begin PBXGroup section */
		6384E67115CE7D7800663DEB = {
			isa = PBXGroup;
			children = (
				6384E68615CE7D7900663DEB /* iPMMS-iPod */,
				6384E67F15CE7D7900663DEB /* Frameworks */,
				6384E67D15CE7D7900663DEB /* Products */,
			);
			sourceTree = "<group>";
		};
		6384E67D15CE7D7900663DEB /* Products */ = {
			isa = PBXGroup;
			children = (
				6384E67C15CE7D7900663DEB /* iPMMS-iPod.app */,
			);
			name = Products;
			sourceTree = "<group>";
		};
		6384E67F15CE7D7900663DEB /* Frameworks */ = {
			isa = PBXGroup;
			children = (
				6384E68015CE7D7900663DEB /* UIKit.framework */,
				6384E68215CE7D7900663DEB /* Foundation.framework */,
				6384E68415CE7D7900663DEB /* CoreGraphics.framework */,
			);
			name = Frameworks;
			sourceTree = "<group>";
		};
		6384E68615CE7D7900663DEB /* iPMMS-iPod */ = {
			isa = PBXGroup;
			children = (
				6384E68F15CE7D7900663DEB /* AppDelegate.h */,
				6384E69015CE7D7900663DEB /* AppDelegate.m */,
				6384E69215CE7D7900663DEB /* ViewController.h */,
				6384E69315CE7D7900663DEB /* ViewController.m */,
				6384E69515CE7D7900663DEB /* ViewController.xib */,
				6384E68715CE7D7900663DEB /* Supporting Files */,
			);
			path = "iPMMS-iPod";
			sourceTree = "<group>";
		};
		6384E68715CE7D7900663DEB /* Supporting Files */ = {
			isa = PBXGroup;
			children = (
				6384E68815CE7D7900663DEB /* iPMMS-iPod-Info.plist */,
				6384E68915CE7D7900663DEB /* InfoPlist.strings */,
				6384E68C15CE7D7900663DEB /* main.m */,
				6384E68E15CE7D7900663DEB /* iPMMS-iPod-Prefix.pch */,
			);
			name = "Supporting Files";
			sourceTree = "<group>";
		};
/* End PBXGroup section */

/* Begin PBXNativeTarget section */
		6384E67B15CE7D7900663DEB /* iPMMS-iPod */ = {
			isa = PBXNativeTarget;
			buildConfigurationList = 6384E69A15CE7D7900663DEB /* Build configuration list for PBXNativeTarget "iPMMS-iPod" */;
			buildPhases = (
				6384E67815CE7D7900663DEB /* Sources */,
				6384E67915CE7D7900663DEB /* Frameworks */,
				6384E67A15CE7D7900663DEB /* Resources */,
			);
			buildRules = (
			);
			dependencies = (
			);
			name = "iPMMS-iPod";
			productName = "iPMMS-iPod";
			productReference = 6384E67C15CE7D7900663DEB /* iPMMS-iPod.app */;
			productType = "com.apple.product-type.application";
		};
/* End PBXNativeTarget section */

/* Begin PBXProject section */
		6384E67315CE7D7800663DEB /* Project object */ = {
			isa = PBXProject;
			attributes = {
				LastUpgradeCheck = 0420;
			};
			buildConfigurationList = 6384E67615CE7D7800663DEB /* Build configuration list for PBXProject "iPMMS-iPod" */;
			compatibilityVersion = "Xcode 3.2";
			developmentRegion = English;
			hasScannedForEncodings = 0;
			knownRegions = (
				en,
			);
			mainGroup = 6384E67115CE7D7800663DEB;
			productRefGroup = 6384E67D15CE7D7900663DEB /* Products */;
			projectDirPath = "";
			projectRoot = "";
			targets = (
				6384E67B15CE7D7900663DEB /* iPMMS-iPod */,
			);
		};
/* End PBXProject section */

/* Begin PBXResourcesBuildPhase section */
		6384E67A15CE7D7900663DEB /* Resources */ = {
			isa = PBXResourcesBuildPhase;
			buildActionMask = 2147483647;
			files = (
				6384E68B15CE7D7900663DEB /* InfoPlist.strings in Resources */,
				6384E69715CE7D7900663DEB /* ViewController.xib in Resources */,
			);
			runOnlyForDeploymentPostprocessing = 0;
		};
/* End PBXResourcesBuildPhase section */

/* Begin PBXSourcesBuildPhase section */
		6384E67815CE7D7900663DEB /* Sources */ = {
			isa = PBXSourcesBuildPhase;
			buildActionMask = 2147483647;
			files = (
				6384E68D15CE7D7900663DEB /* main.m in Sources */,
				6384E69115CE7D7900663DEB /* AppDelegate.m in Sources */,
				6384E69415CE7D7900663DEB /* ViewController.m in Sources */,
			);
			runOnlyForDeploymentPostprocessing = 0;
		};
/* End PBXSourcesBuildPhase section */

/* Begin PBXVariantGroup section */
		6384E68915CE7D7900663DEB /* InfoPlist.strings */ = {
			isa = PBXVariantGroup;
			children = (
				6384E68A15CE7D7900663DEB /* en */,
			);
			name = InfoPlist.strings;
			sourceTree = "<group>";
		};
		6384E69515CE7D7900663DEB /* ViewController.xib */ = {
			isa = PBXVariantGroup;
			children = (
				6384E69615CE7D7900663DEB /* en */,
			);
			name = ViewController.xib;
			sourceTree = "<group>";
		};
/* End PBXVariantGroup section */

/* Begin XCBuildConfiguration section */
		6384E69815CE7D7900663DEB /* Debug */ = {
			isa = XCBuildConfiguration;
			buildSettings = {
				ALWAYS_SEARCH_USER_PATHS = NO;
				ARCHS = "$(ARCHS_STANDARD_32_BIT)";
				CLANG_ENABLE_OBJC_ARC = YES;
				"CODE_SIGN_IDENTITY[sdk=iphoneos*]" = "iPhone Developer";
				COPY_PHASE_STRIP = NO;
				GCC_C_LANGUAGE_STANDARD = gnu99;
				GCC_DYNAMIC_NO_PIC = NO;
				GCC_OPTIMIZATION_LEVEL = 0;
				GCC_PREPROCESSOR_DEFINITIONS = (
					"DEBUG=1",
					"$(inherited)",
				);
				GCC_SYMBOLS_PRIVATE_EXTERN = NO;
				GCC_VERSION = com.apple.compilers.llvm.clang.1_0;
				GCC_WARN_ABOUT_MISSING_PROTOTYPES = YES;
				GCC_WARN_ABOUT_RETURN_TYPE = YES;
				GCC_WARN_UNUSED_VARIABLE = YES;
				IPHONEOS_DEPLOYMENT_TARGET = 5.0;
				SDKROOT = iphoneos;
			};
			name = Debug;
		};
		6384E69915CE7D7900663DEB /* Release */ = {
			isa = XCBuildConfiguration;
			buildSettings = {
				ALWAYS_SEARCH_USER_PATHS = NO;
				ARCHS = "$(ARCHS_STANDARD_32_BIT)";
				CLANG_ENABLE_OBJC_ARC = YES;
				"CODE_SIGN_IDENTITY[sdk=iphoneos*]" = "iPhone Developer";
				COPY_PHASE_STRIP = YES;
				GCC_C_LANGUAGE_STANDARD = gnu99;
				GCC_VERSION = com.apple.compilers.llvm.clang.1_0;
				GCC_WARN_ABOUT_MISSING_PROTOTYPES = YES;
				GCC_WARN_ABOUT_RETURN_TYPE = YES;
				GCC_WARN_UNUSED_VARIABLE = YES;
				IPHONEOS_DEPLOYMENT_TARGET = 5.0;
				OTHER_CFLAGS = "-DNS_BLOCK_ASSERTIONS=1";
				SDKROOT = iphoneos;
				VALIDATE_PRODUCT = YES;
			};
			name = Release;
		};
		6384E69B15CE7D7900663DEB /* Debug */ = {
			isa = XCBuildConfiguration;
			buildSettings = {
				GCC_PRECOMPILE_PREFIX_HEADER = YES;
				GCC_PREFIX_HEADER = "iPMMS-iPod/iPMMS-iPod-Prefix.pch";
				INFOPLIST_FILE = "iPMMS-iPod/iPMMS-iPod-Info.plist";
				PRODUCT_NAME = "$(TARGET_NAME)";
				WRAPPER_EXTENSION = app;
			};
			name = Debug;
		};
		6384E69C15CE7D7900663DEB /* Release */ = {
			isa = XCBuildConfiguration;
			buildSettings = {
				GCC_PRECOMPILE_PREFIX_HEADER = YES;
				GCC_PREFIX_HEADER = "iPMMS-iPod/iPMMS-iPod-Prefix.pch";
				INFOPLIST_FILE = "iPMMS-iPod/iPMMS-iPod-Info.plist";
				PRODUCT_NAME = "$(TARGET_NAME)";
				WRAPPER_EXTENSION = app;
			};
			name = Release;
		};
/* End XCBuildConfiguration section */

/* Begin XCConfigurationList section */
		6384E67615CE7D7800663DEB /* Build configuration list for PBXProject "iPMMS-iPod" */ = {
			isa = XCConfigurationList;
			buildConfigurations = (
				6384E69815CE7D7900663DEB /* Debug */,
				6384E69915CE7D7900663DEB /* Release */,
			);
			defaultConfigurationIsVisible = 0;
			defaultConfigurationName = Release;
		};
		6384E69A15CE7D7900663DEB /* Build configuration list for PBXNativeTarget "iPMMS-iPod" */ = {
			isa = XCConfigurationList;
			buildConfigurations = (
				6384E69B15CE7D7900663DEB /* Debug */,
				6384E69C15CE7D7900663DEB /* Release */,
			);
			defaultConfigurationIsVisible = 0;
		};
/* End XCConfigurationList section */
	};
	rootObject = 6384E67315CE7D7800663DEB /* Project object */;
}
